
Microsoft Visual Studio Solution File, Format Version 12.00
# Visual Studio Version 17
VisualStudioVersion = 17.0.31919.166
MinimumVisualStudioVersion = 10.0.40219.1
Project("{FAE04EC0-301F-11D3-BF4B-00C04F79EFBC}") = "InvesticFilms", "InvesticFilms.csproj", "{20E286A9-048F-42B1-91A3-138CAC038F99}"
EndProject
Global
	GlobalSection(SolutionConfigurationPlatforms) = preSolution
		Debug|Any CPU = Debug|Any CPU
		Release|Any CPU = Release|Any CPU
	EndGlobalSection
	GlobalSection(ProjectConfigurationPlatforms) = postSolution
		{20E286A9-048F-42B1-91A3-138CAC038F99}.Debug|Any CPU.ActiveCfg = Debug|Any CPU
		{20E286A9-048F-42B1-91A3-138CAC038F99}.Debug|Any CPU.Build.0 = Debug|Any CPU
		{20E286A9-048F-42B1-91A3-138CAC038F99}.Release|Any CPU.ActiveCfg = Release|Any CPU
		{20E286A9-048F-42B1-91A3-138CAC038F99}.Release|Any CPU.Build.0 = Release|Any CPU
	EndGlobalSection
	GlobalSection(SolutionProperties) = preSolution
		HideSolutionNode = FALSE
	EndGlobalSection
	GlobalSection(ExtensibilityGlobals) = postSolution
		SolutionGuid = {123686DE-B37F-4133-A774-03D2077317A2}
	EndGlobalSection
EndGlobal
